
Microsoft Visual Studio Solution File, Format Version 12.00
# Visual Studio 15
VisualStudioVersion = 15.0.28010.2046
MinimumVisualStudioVersion = 10.0.40219.1
Project("{FAE04EC0-301F-11D3-BF4B-00C04F79EFBC}") = "MigrateToCDS", "MigrateToCDS\MigrateToCDS.csproj", "{3582319F-2093-48E9-A9BA-A82226F9EE02}"
EndProject
Global
	GlobalSection(SolutionConfigurationPlatforms) = preSolution
		Debug|Any CPU = Debug|Any CPU
		Release|Any CPU = Release|Any CPU
	EndGlobalSection
	GlobalSection(ProjectConfigurationPlatforms) = postSolution
		{3582319F-2093-48E9-A9BA-A82226F9EE02}.Debug|Any CPU.ActiveCfg = Debug|Any CPU
		{3582319F-2093-48E9-A9BA-A82226F9EE02}.Debug|Any CPU.Build.0 = Debug|Any CPU
		{3582319F-2093-48E9-A9BA-A82226F9EE02}.Release|Any CPU.ActiveCfg = Release|Any CPU
		{3582319F-2093-48E9-A9BA-A82226F9EE02}.Release|Any CPU.Build.0 = Release|Any CPU
	EndGlobalSection
	GlobalSection(SolutionProperties) = preSolution
		HideSolutionNode = FALSE
	EndGlobalSection
	GlobalSection(ExtensibilityGlobals) = postSolution
		SolutionGuid = {5FE06192-4FEC-43E5-BFC8-7EFFF0F05EBA}
	EndGlobalSection
EndGlobal
